
Microsoft Visual Studio Solution File, Format Version 12.00
# Visual Studio Version 17
VisualStudioVersion = 17.14.36203.30
MinimumVisualStudioVersion = 10.0.40219.1
Project("{FAE04EC0-301F-11D3-BF4B-00C04F79EFBC}") = "Pure.Primitives.Time.Operations", "Pure.Primitives.Time.Operations\Pure.Primitives.Time.Operations.csproj", "{88AB49CB-D123-4ABC-875B-B36C721C23FB}"
EndProject
Project("{2150E333-8FDC-42A3-9474-1A3956D46DE8}") = "Tests", "Tests", "{0AB3BF05-4346-4AA6-1389-037BE0695223}"
EndProject
Project("{FAE04EC0-301F-11D3-BF4B-00C04F79EFBC}") = "Pure.Primitives.Time.Operations.Tests", "Tests\Pure.Primitives.Time.Operations.Tests\Pure.Primitives.Time.Operations.Tests.csproj", "{1391A1E3-6110-5C3C-D62D-4D549BED3BF0}"
EndProject
Project("{2150E333-8FDC-42A3-9474-1A3956D46DE8}") = "Solution Items", "Solution Items", "{089100B1-113F-4E66-888A-E83F3999EAFD}"
	ProjectSection(SolutionItems) = preProject
		.editorconfig = .editorconfig
	EndProjectSection
EndProject
Global
	GlobalSection(SolutionConfigurationPlatforms) = preSolution
		Debug|Any CPU = Debug|Any CPU
		Release|Any CPU = Release|Any CPU
	EndGlobalSection
	GlobalSection(ProjectConfigurationPlatforms) = postSolution
		{88AB49CB-D123-4ABC-875B-B36C721C23FB}.Debug|Any CPU.ActiveCfg = Debug|Any CPU
		{88AB49CB-D123-4ABC-875B-B36C721C23FB}.Debug|Any CPU.Build.0 = Debug|Any CPU
		{88AB49CB-D123-4ABC-875B-B36C721C23FB}.Release|Any CPU.ActiveCfg = Release|Any CPU
		{88AB49CB-D123-4ABC-875B-B36C721C23FB}.Release|Any CPU.Build.0 = Release|Any CPU
		{1391A1E3-6110-5C3C-D62D-4D549BED3BF0}.Debug|Any CPU.ActiveCfg = Debug|Any CPU
		{1391A1E3-6110-5C3C-D62D-4D549BED3BF0}.Debug|Any CPU.Build.0 = Debug|Any CPU
		{1391A1E3-6110-5C3C-D62D-4D549BED3BF0}.Release|Any CPU.ActiveCfg = Release|Any CPU
		{1391A1E3-6110-5C3C-D62D-4D549BED3BF0}.Release|Any CPU.Build.0 = Release|Any CPU
	EndGlobalSection
	GlobalSection(SolutionProperties) = preSolution
		HideSolutionNode = FALSE
	EndGlobalSection
	GlobalSection(NestedProjects) = preSolution
		{1391A1E3-6110-5C3C-D62D-4D549BED3BF0} = {0AB3BF05-4346-4AA6-1389-037BE0695223}
	EndGlobalSection
	GlobalSection(ExtensibilityGlobals) = postSolution
		SolutionGuid = {513F84C5-C8EF-429F-8050-6C140FF65EDF}
	EndGlobalSection
EndGlobal
